// !$*UTF8*$!
{
	archiveVersion = 1;
	classes = {
	};
	objectVersion = 50;
	objects = {

/* Begin PBXBuildFile section */
		BF2993A426E76058002DEEE2 /* SnowSeekerApp.swift in Sources */ = {isa = PBXBuildFile; fileRef = BF2993A326E76058002DEEE2 /* SnowSeekerApp.swift */; };
		BF2993A626E76058002DEEE2 /* ContentView.swift in Sources */ = {isa = PBXBuildFile; fileRef = BF2993A526E76058002DEEE2 /* ContentView.swift */; };
		BF2993A826E7605B002DEEE2 /* Assets.xcassets in Resources */ = {isa = PBXBuildFile; fileRef = BF2993A726E7605B002DEEE2 /* Assets.xcassets */; };
		BF2993AB26E7605B002DEEE2 /* Preview Assets.xcassets in Resources */ = {isa = PBXBuildFile; fileRef = BF2993AA26E7605B002DEEE2 /* Preview Assets.xcassets */; };
		BF2993B326E765DA002DEEE2 /* resorts.json in Resources */ = {isa = PBXBuildFile; fileRef = BF2993B226E765DA002DEEE2 /* resorts.json */; };
		BF2993B526E76607002DEEE2 /* Resort.swift in Sources */ = {isa = PBXBuildFile; fileRef = BF2993B426E76607002DEEE2 /* Resort.swift */; };
		BF2993B726E77A9A002DEEE2 /* Bundle-Decodable.swift in Sources */ = {isa = PBXBuildFile; fileRef = BF2993B626E77A9A002DEEE2 /* Bundle-Decodable.swift */; };
		BF2993B926E77F4E002DEEE2 /* WelcomeView.swift in Sources */ = {isa = PBXBuildFile; fileRef = BF2993B826E77F4E002DEEE2 /* WelcomeView.swift */; };
		BF2993BB26E7C0E5002DEEE2 /* ResortView.swift in Sources */ = {isa = PBXBuildFile; fileRef = BF2993BA26E7C0E5002DEEE2 /* ResortView.swift */; };
		BF2993BD26E7C34A002DEEE2 /* SkiDetailsView.swift in Sources */ = {isa = PBXBuildFile; fileRef = BF2993BC26E7C34A002DEEE2 /* SkiDetailsView.swift */; };
		BF2993BF26E7C3F2002DEEE2 /* ResortDetailsView.swift in Sources */ = {isa = PBXBuildFile; fileRef = BF2993BE26E7C3F2002DEEE2 /* ResortDetailsView.swift */; };
		BF2993C126E7C7F2002DEEE2 /* Facility.swift in Sources */ = {isa = PBXBuildFile; fileRef = BF2993C026E7C7F2002DEEE2 /* Facility.swift */; };
/* End PBXBuildFile section */

/* Begin PBXFileReference section */
		BF2993A026E76058002DEEE2 /* SnowSeeker.app */ = {isa = PBXFileReference; explicitFileType = wrapper.application; includeInIndex = 0; path = SnowSeeker.app; sourceTree = BUILT_PRODUCTS_DIR; };
		BF2993A326E76058002DEEE2 /* SnowSeekerApp.swift */ = {isa = PBXFileReference; lastKnownFileType = sourcecode.swift; path = SnowSeekerApp.swift; sourceTree = "<group>"; };
		BF2993A526E76058002DEEE2 /* ContentView.swift */ = {isa = PBXFileReference; lastKnownFileType = sourcecode.swift; path = ContentView.swift; sourceTree = "<group>"; };
		BF2993A726E7605B002DEEE2 /* Assets.xcassets */ = {isa = PBXFileReference; lastKnownFileType = folder.assetcatalog; path = Assets.xcassets; sourceTree = "<group>"; };
		BF2993AA26E7605B002DEEE2 /* Preview Assets.xcassets */ = {isa = PBXFileReference; lastKnownFileType = folder.assetcatalog; path = "Preview Assets.xcassets"; sourceTree = "<group>"; };
		BF2993AC26E7605B002DEEE2 /* Info.plist */ = {isa = PBXFileReference; lastKnownFileType = text.plist.xml; path = Info.plist; sourceTree = "<group>"; };
		BF2993B226E765DA002DEEE2 /* resorts.json */ = {isa = PBXFileReference; fileEncoding = 4; lastKnownFileType = text.json; path = resorts.json; sourceTree = "<group>"; };
		BF2993B426E76607002DEEE2 /* Resort.swift */ = {isa = PBXFileReference; lastKnownFileType = sourcecode.swift; path = Resort.swift; sourceTree = "<group>"; };
		BF2993B626E77A9A002DEEE2 /* Bundle-Decodable.swift */ = {isa = PBXFileReference; lastKnownFileType = sourcecode.swift; path = "Bundle-Decodable.swift"; sourceTree = "<group>"; };
		BF2993B826E77F4E002DEEE2 /* WelcomeView.swift */ = {isa = PBXFileReference; lastKnownFileType = sourcecode.swift; path = WelcomeView.swift; sourceTree = "<group>"; };
		BF2993BA26E7C0E5002DEEE2 /* ResortView.swift */ = {isa = PBXFileReference; lastKnownFileType = sourcecode.swift; path = ResortView.swift; sourceTree = "<group>"; };
		BF2993BC26E7C34A002DEEE2 /* SkiDetailsView.swift */ = {isa = PBXFileReference; lastKnownFileType = sourcecode.swift; path = SkiDetailsView.swift; sourceTree = "<group>"; };
		BF2993BE26E7C3F2002DEEE2 /* ResortDetailsView.swift */ = {isa = PBXFileReference; lastKnownFileType = sourcecode.swift; path = ResortDetailsView.swift; sourceTree = "<group>"; };
		BF2993C026E7C7F2002DEEE2 /* Facility.swift */ = {isa = PBXFileReference; lastKnownFileType = sourcecode.swift; path = Facility.swift; sourceTree = "<group>"; };
/* End PBXFileReference section */

/* Begin PBXFrameworksBuildPhase section */
		BF29939D26E76058002DEEE2 /* Frameworks */ = {
			isa = PBXFrameworksBuildPhase;
			buildActionMask = 2147483647;
			files = (
			);
			runOnlyForDeploymentPostprocessing = 0;
		};
/* End PBXFrameworksBuildPhase section */

/* Begin PBXGroup section */
		BF29939726E76058002DEEE2 = {
			isa = PBXGroup;
			children = (
				BF2993A226E76058002DEEE2 /* SnowSeeker */,
				BF2993A126E76058002DEEE2 /* Products */,
			);
			sourceTree = "<group>";
		};
		BF2993A126E76058002DEEE2 /* Products */ = {
			isa = PBXGroup;
			children = (
				BF2993A026E76058002DEEE2 /* SnowSeeker.app */,
			);
			name = Products;
			sourceTree = "<group>";
		};
		BF2993A226E76058002DEEE2 /* SnowSeeker */ = {
			isa = PBXGroup;
			children = (
				BF2993A326E76058002DEEE2 /* SnowSeekerApp.swift */,
				BF2993A526E76058002DEEE2 /* ContentView.swift */,
				BF2993BC26E7C34A002DEEE2 /* SkiDetailsView.swift */,
				BF2993BE26E7C3F2002DEEE2 /* ResortDetailsView.swift */,
				BF2993BA26E7C0E5002DEEE2 /* ResortView.swift */,
				BF2993C026E7C7F2002DEEE2 /* Facility.swift */,
				BF2993B826E77F4E002DEEE2 /* WelcomeView.swift */,
				BF2993B426E76607002DEEE2 /* Resort.swift */,
				BF2993B626E77A9A002DEEE2 /* Bundle-Decodable.swift */,
				BF2993A726E7605B002DEEE2 /* Assets.xcassets */,
				BF2993AC26E7605B002DEEE2 /* Info.plist */,
				BF2993B226E765DA002DEEE2 /* resorts.json */,
				BF2993A926E7605B002DEEE2 /* Preview Content */,
			);
			path = SnowSeeker;
			sourceTree = "<group>";
		};
		BF2993A926E7605B002DEEE2 /* Preview Content */ = {
			isa = PBXGroup;
			children = (
				BF2993AA26E7605B002DEEE2 /* Preview Assets.xcassets */,
			);
			path = "Preview Content";
			sourceTree = "<group>";
		};
/* End PBXGroup section */

/* Begin PBXNativeTarget section */
		BF29939F26E76058002DEEE2 /* SnowSeeker */ = {
			isa = PBXNativeTarget;
			buildConfigurationList = BF2993AF26E7605B002DEEE2 /* Build configuration list for PBXNativeTarget "SnowSeeker" */;
			buildPhases = (
				BF29939C26E76058002DEEE2 /* Sources */,
				BF29939D26E76058002DEEE2 /* Frameworks */,
				BF29939E26E76058002DEEE2 /* Resources */,
			);
			buildRules = (
			);
			dependencies = (
			);
			name = SnowSeeker;
			productName = SnowSeeker;
			productReference = BF2993A026E76058002DEEE2 /* SnowSeeker.app */;
			productType = "com.apple.product-type.application";
		};
/* End PBXNativeTarget section */

/* Begin PBXProject section */
		BF29939826E76058002DEEE2 /* Project object */ = {
			isa = PBXProject;
			attributes = {
				LastSwiftUpdateCheck = 1250;
				LastUpgradeCheck = 1250;
				TargetAttributes = {
					BF29939F26E76058002DEEE2 = {
						CreatedOnToolsVersion = 12.5.1;
					};
				};
			};
			buildConfigurationList = BF29939B26E76058002DEEE2 /* Build configuration list for PBXProject "SnowSeeker" */;
			compatibilityVersion = "Xcode 9.3";
			developmentRegion = en;
			hasScannedForEncodings = 0;
			knownRegions = (
				en,
				Base,
			);
			mainGroup = BF29939726E76058002DEEE2;
			productRefGroup = BF2993A126E76058002DEEE2 /* Products */;
			projectDirPath = "";
			projectRoot = "";
			targets = (
				BF29939F26E76058002DEEE2 /* SnowSeeker */,
			);
		};
/* End PBXProject section */

/* Begin PBXResourcesBuildPhase section */
		BF29939E26E76058002DEEE2 /* Resources */ = {
			isa = PBXResourcesBuildPhase;
			buildActionMask = 2147483647;
			files = (
				BF2993B326E765DA002DEEE2 /* resorts.json in Resources */,
				BF2993AB26E7605B002DEEE2 /* Preview Assets.xcassets in Resources */,
				BF2993A826E7605B002DEEE2 /* Assets.xcassets in Resources */,
			);
			runOnlyForDeploymentPostprocessing = 0;
		};
/* End PBXResourcesBuildPhase section */

/* Begin PBXSourcesBuildPhase section */
		BF29939C26E76058002DEEE2 /* Sources */ = {
			isa = PBXSourcesBuildPhase;
			buildActionMask = 2147483647;
			files = (
				BF2993B926E77F4E002DEEE2 /* WelcomeView.swift in Sources */,
				BF2993BD26E7C34A002DEEE2 /* SkiDetailsView.swift in Sources */,
				BF2993BF26E7C3F2002DEEE2 /* ResortDetailsView.swift in Sources */,
				BF2993C126E7C7F2002DEEE2 /* Facility.swift in Sources */,
				BF2993A626E76058002DEEE2 /* ContentView.swift in Sources */,
				BF2993B526E76607002DEEE2 /* Resort.swift in Sources */,
				BF2993BB26E7C0E5002DEEE2 /* ResortView.swift in Sources */,
				BF2993A426E76058002DEEE2 /* SnowSeekerApp.swift in Sources */,
				BF2993B726E77A9A002DEEE2 /* Bundle-Decodable.swift in Sources */,
			);
			runOnlyForDeploymentPostprocessing = 0;
		};
/* End PBXSourcesBuildPhase section */

/* Begin XCBuildConfiguration section */
		BF2993AD26E7605B002DEEE2 /* Debug */ = {
			isa = XCBuildConfiguration;
			buildSettings = {
				ALWAYS_SEARCH_USER_PATHS = NO;
				CLANG_ANALYZER_NONNULL = YES;
				CLANG_ANALYZER_NUMBER_OBJECT_CONVERSION = YES_AGGRESSIVE;
				CLANG_CXX_LANGUAGE_STANDARD = "gnu++14";
				CLANG_CXX_LIBRARY = "libc++";
				CLANG_ENABLE_MODULES = YES;
				CLANG_ENABLE_OBJC_ARC = YES;
				CLANG_ENABLE_OBJC_WEAK = YES;
				CLANG_WARN_BLOCK_CAPTURE_AUTORELEASING = YES;
				CLANG_WARN_BOOL_CONVERSION = YES;
				CLANG_WARN_COMMA = YES;
				CLANG_WARN_CONSTANT_CONVERSION = YES;
				CLANG_WARN_DEPRECATED_OBJC_IMPLEMENTATIONS = YES;
				CLANG_WARN_DIRECT_OBJC_ISA_USAGE = YES_ERROR;
				CLANG_WARN_DOCUMENTATION_COMMENTS = YES;
				CLANG_WARN_EMPTY_BODY = YES;
				CLANG_WARN_ENUM_CONVERSION = YES;
				CLANG_WARN_INFINITE_RECURSION = YES;
				CLANG_WARN_INT_CONVERSION = YES;
				CLANG_WARN_NON_LITERAL_NULL_CONVERSION = YES;
				CLANG_WARN_OBJC_IMPLICIT_RETAIN_SELF = YES;
				CLANG_WARN_OBJC_LITERAL_CONVERSION = YES;
				CLANG_WARN_OBJC_ROOT_CLASS = YES_ERROR;
				CLANG_WARN_QUOTED_INCLUDE_IN_FRAMEWORK_HEADER = YES;
				CLANG_WARN_RANGE_LOOP_ANALYSIS = YES;
				CLANG_WARN_STRICT_PROTOTYPES = YES;
				CLANG_WARN_SUSPICIOUS_MOVE = YES;
				CLANG_WARN_UNGUARDED_AVAILABILITY = YES_AGGRESSIVE;
				CLANG_WARN_UNREACHABLE_CODE = YES;
				CLANG_WARN__DUPLICATE_METHOD_MATCH = YES;
				COPY_PHASE_STRIP = NO;
				DEBUG_INFORMATION_FORMAT = dwarf;
				ENABLE_STRICT_OBJC_MSGSEND = YES;
				ENABLE_TESTABILITY = YES;
				GCC_C_LANGUAGE_STANDARD = gnu11;
				GCC_DYNAMIC_NO_PIC = NO;
				GCC_NO_COMMON_BLOCKS = YES;
				GCC_OPTIMIZATION_LEVEL = 0;
				GCC_PREPROCESSOR_DEFINITIONS = (
					"DEBUG=1",
					"$(inherited)",
				);
				GCC_WARN_64_TO_32_BIT_CONVERSION = YES;
				GCC_WARN_ABOUT_RETURN_TYPE = YES_ERROR;
				GCC_WARN_UNDECLARED_SELECTOR = YES;
				GCC_WARN_UNINITIALIZED_AUTOS = YES_AGGRESSIVE;
				GCC_WARN_UNUSED_FUNCTION = YES;
				GCC_WARN_UNUSED_VARIABLE = YES;
				IPHONEOS_DEPLOYMENT_TARGET = 14.5;
				MTL_ENABLE_DEBUG_INFO = INCLUDE_SOURCE;
				MTL_FAST_MATH = YES;
				ONLY_ACTIVE_ARCH = YES;
				SDKROOT = iphoneos;
				SWIFT_ACTIVE_COMPILATION_CONDITIONS = DEBUG;
				SWIFT_OPTIMIZATION_LEVEL = "-Onone";
			};
			name = Debug;
		};
		BF2993AE26E7605B002DEEE2 /* Release */ = {
			isa = XCBuildConfiguration;
			buildSettings = {
				ALWAYS_SEARCH_USER_PATHS = NO;
				CLANG_ANALYZER_NONNULL = YES;
				CLANG_ANALYZER_NUMBER_OBJECT_CONVERSION = YES_AGGRESSIVE;
				CLANG_CXX_LANGUAGE_STANDARD = "gnu++14";
				CLANG_CXX_LIBRARY = "libc++";
				CLANG_ENABLE_MODULES = YES;
				CLANG_ENABLE_OBJC_ARC = YES;
				CLANG_ENABLE_OBJC_WEAK = YES;
				CLANG_WARN_BLOCK_CAPTURE_AUTORELEASING = YES;
				CLANG_WARN_BOOL_CONVERSION = YES;
				CLANG_WARN_COMMA = YES;
				CLANG_WARN_CONSTANT_CONVERSION = YES;
				CLANG_WARN_DEPRECATED_OBJC_IMPLEMENTATIONS = YES;
				CLANG_WARN_DIRECT_OBJC_ISA_USAGE = YES_ERROR;
				CLANG_WARN_DOCUMENTATION_COMMENTS = YES;
				CLANG_WARN_EMPTY_BODY = YES;
				CLANG_WARN_ENUM_CONVERSION = YES;
				CLANG_WARN_INFINITE_RECURSION = YES;
				CLANG_WARN_INT_CONVERSION = YES;
				CLANG_WARN_NON_LITERAL_NULL_CONVERSION = YES;
				CLANG_WARN_OBJC_IMPLICIT_RETAIN_SELF = YES;
				CLANG_WARN_OBJC_LITERAL_CONVERSION = YES;
				CLANG_WARN_OBJC_ROOT_CLASS = YES_ERROR;
				CLANG_WARN_QUOTED_INCLUDE_IN_FRAMEWORK_HEADER = YES;
				CLANG_WARN_RANGE_LOOP_ANALYSIS = YES;
				CLANG_WARN_STRICT_PROTOTYPES = YES;
				CLANG_WARN_SUSPICIOUS_MOVE = YES;
				CLANG_WARN_UNGUARDED_AVAILABILITY = YES_AGGRESSIVE;
				CLANG_WARN_UNREACHABLE_CODE = YES;
				CLANG_WARN__DUPLICATE_METHOD_MATCH = YES;
				COPY_PHASE_STRIP = NO;
				DEBUG_INFORMATION_FORMAT = "dwarf-with-dsym";
				ENABLE_NS_ASSERTIONS = NO;
				ENABLE_STRICT_OBJC_MSGSEND = YES;
				GCC_C_LANGUAGE_STANDARD = gnu11;
				GCC_NO_COMMON_BLOCKS = YES;
				GCC_WARN_64_TO_32_BIT_CONVERSION = YES;
				GCC_WARN_ABOUT_RETURN_TYPE = YES_ERROR;
				GCC_WARN_UNDECLARED_SELECTOR = YES;
				GCC_WARN_UNINITIALIZED_AUTOS = YES_AGGRESSIVE;
				GCC_WARN_UNUSED_FUNCTION = YES;
				GCC_WARN_UNUSED_VARIABLE = YES;
				IPHONEOS_DEPLOYMENT_TARGET = 14.5;
				MTL_ENABLE_DEBUG_INFO = NO;
				MTL_FAST_MATH = YES;
				SDKROOT = iphoneos;
				SWIFT_COMPILATION_MODE = wholemodule;
				SWIFT_OPTIMIZATION_LEVEL = "-O";
				VALIDATE_PRODUCT = YES;
			};
			name = Release;
		};
		BF2993B026E7605B002DEEE2 /* Debug */ = {
			isa = XCBuildConfiguration;
			buildSettings = {
				ASSETCATALOG_COMPILER_APPICON_NAME = AppIcon;
				ASSETCATALOG_COMPILER_GLOBAL_ACCENT_COLOR_NAME = AccentColor;
				CODE_SIGN_STYLE = Automatic;
				DEVELOPMENT_ASSET_PATHS = "\"SnowSeeker/Preview Content\"";
				DEVELOPMENT_TEAM = G9D3G54FX7;
				ENABLE_PREVIEWS = YES;
				INFOPLIST_FILE = SnowSeeker/Info.plist;
				IPHONEOS_DEPLOYMENT_TARGET = 14.0;
				LD_RUNPATH_SEARCH_PATHS = (
					"$(inherited)",
					"@executable_path/Frameworks",
				);
				PRODUCT_BUNDLE_IDENTIFIER = xyz.superpung.SnowSeeker;
				PRODUCT_NAME = "$(TARGET_NAME)";
				SWIFT_VERSION = 5.0;
				TARGETED_DEVICE_FAMILY = "1,2";
			};
			name = Debug;
		};
		BF2993B126E7605B002DEEE2 /* Release */ = {
			isa = XCBuildConfiguration;
			buildSettings = {
				ASSETCATALOG_COMPILER_APPICON_NAME = AppIcon;
				ASSETCATALOG_COMPILER_GLOBAL_ACCENT_COLOR_NAME = AccentColor;
				CODE_SIGN_STYLE = Automatic;
				DEVELOPMENT_ASSET_PATHS = "\"SnowSeeker/Preview Content\"";
				DEVELOPMENT_TEAM = G9D3G54FX7;
				ENABLE_PREVIEWS = YES;
				INFOPLIST_FILE = SnowSeeker/Info.plist;
				IPHONEOS_DEPLOYMENT_TARGET = 14.0;
				LD_RUNPATH_SEARCH_PATHS = (
					"$(inherited)",
					"@executable_path/Frameworks",
				);
				PRODUCT_BUNDLE_IDENTIFIER = xyz.superpung.SnowSeeker;
				PRODUCT_NAME = "$(TARGET_NAME)";
				SWIFT_VERSION = 5.0;
				TARGETED_DEVICE_FAMILY = "1,2";
			};
			name = Release;
		};
/* End XCBuildConfiguration section */

/* Begin XCConfigurationList section */
		BF29939B26E76058002DEEE2 /* Build configuration list for PBXProject "SnowSeeker" */ = {
			isa = XCConfigurationList;
			buildConfigurations = (
				BF2993AD26E7605B002DEEE2 /* Debug */,
				BF2993AE26E7605B002DEEE2 /* Release */,
			);
			defaultConfigurationIsVisible = 0;
			defaultConfigurationName = Release;
		};
		BF2993AF26E7605B002DEEE2 /* Build configuration list for PBXNativeTarget "SnowSeeker" */ = {
			isa = XCConfigurationList;
			buildConfigurations = (
				BF2993B026E7605B002DEEE2 /* Debug */,
				BF2993B126E7605B002DEEE2 /* Release */,
			);
			defaultConfigurationIsVisible = 0;
			defaultConfigurationName = Release;
		};
/* End XCConfigurationList section */
	};
	rootObject = BF29939826E76058002DEEE2 /* Project object */;
}
